
Microsoft Visual Studio Solution File, Format Version 12.00
# Visual Studio Version 17
VisualStudioVersion = 17.0.32112.339
MinimumVisualStudioVersion = 10.0.40219.1
Project("{FAE04EC0-301F-11D3-BF4B-00C04F79EFBC}") = "MaitlandCodes.OSRS.WikiClient", "MaitlandCodes.OSRS.WikiClient\MaitlandCodes.OSRS.WikiClient.csproj", "{D5541CC6-D649-4A22-B08E-2DEA54395235}"
EndProject
Project("{FAE04EC0-301F-11D3-BF4B-00C04F79EFBC}") = "MaitlandCodes.OSRS.WikiClient.Tests", "MaitlandCodes.OSRS.WikiClient.Tests\MaitlandCodes.OSRS.WikiClient.Tests.csproj", "{7AE819F5-D109-4481-83E5-1FADF4E8FC31}"
EndProject
Project("{2150E333-8FDC-42A3-9474-1A3956D46DE8}") = "Tests", "Tests", "{DD750DC0-067F-4FAA-8CFE-0A72C1E556DD}"
EndProject
Global
	GlobalSection(SolutionConfigurationPlatforms) = preSolution
		Debug|Any CPU = Debug|Any CPU
		Release|Any CPU = Release|Any CPU
	EndGlobalSection
	GlobalSection(ProjectConfigurationPlatforms) = postSolution
		{D5541CC6-D649-4A22-B08E-2DEA54395235}.Debug|Any CPU.ActiveCfg = Debug|Any CPU
		{D5541CC6-D649-4A22-B08E-2DEA54395235}.Debug|Any CPU.Build.0 = Debug|Any CPU
		{D5541CC6-D649-4A22-B08E-2DEA54395235}.Release|Any CPU.ActiveCfg = Release|Any CPU
		{D5541CC6-D649-4A22-B08E-2DEA54395235}.Release|Any CPU.Build.0 = Release|Any CPU
		{7AE819F5-D109-4481-83E5-1FADF4E8FC31}.Debug|Any CPU.ActiveCfg = Debug|Any CPU
		{7AE819F5-D109-4481-83E5-1FADF4E8FC31}.Debug|Any CPU.Build.0 = Debug|Any CPU
		{7AE819F5-D109-4481-83E5-1FADF4E8FC31}.Release|Any CPU.ActiveCfg = Release|Any CPU
		{7AE819F5-D109-4481-83E5-1FADF4E8FC31}.Release|Any CPU.Build.0 = Release|Any CPU
	EndGlobalSection
	GlobalSection(SolutionProperties) = preSolution
		HideSolutionNode = FALSE
	EndGlobalSection
	GlobalSection(NestedProjects) = preSolution
		{7AE819F5-D109-4481-83E5-1FADF4E8FC31} = {DD750DC0-067F-4FAA-8CFE-0A72C1E556DD}
	EndGlobalSection
	GlobalSection(ExtensibilityGlobals) = postSolution
		SolutionGuid = {23519734-D3E0-484E-B08F-AB172C612377}
	EndGlobalSection
EndGlobal
